// !$*UTF8*$!
{
	archiveVersion = 1;
	classes = {
	};
	objectVersion = 55;
	objects = {

/* Begin PBXBuildFile section */
		28DB67ABDA8BCFA42E4938DC /* Pods_InstagramTests.framework in Frameworks */ = {isa = PBXBuildFile; fileRef = 6264C4C7BBDDE845F4178FA3 /* Pods_InstagramTests.framework */; };
		2F9BC73A094E43BCE44F4B14 /* Pods_Instagram_InstagramUITests.framework in Frameworks */ = {isa = PBXBuildFile; fileRef = 0C6DA6B6E0780AEE2AE0D427 /* Pods_Instagram_InstagramUITests.framework */; };
		6332A4A6458350793A8FF349 /* Pods_Instagram.framework in Frameworks */ = {isa = PBXBuildFile; fileRef = 173753690C267BF1ED5721F2 /* Pods_Instagram.framework */; };
		AD2806B8286A4D3E003EFD2A /* AppDelegate.m in Sources */ = {isa = PBXBuildFile; fileRef = AD2806B7286A4D3E003EFD2A /* AppDelegate.m */; };
		AD2806BB286A4D3E003EFD2A /* SceneDelegate.m in Sources */ = {isa = PBXBuildFile; fileRef = AD2806BA286A4D3E003EFD2A /* SceneDelegate.m */; };
		AD2806BE286A4D3E003EFD2A /* ViewController.m in Sources */ = {isa = PBXBuildFile; fileRef = AD2806BD286A4D3E003EFD2A /* ViewController.m */; };
		AD2806C1286A4D3E003EFD2A /* Main.storyboard in Resources */ = {isa = PBXBuildFile; fileRef = AD2806BF286A4D3E003EFD2A /* Main.storyboard */; };
		AD2806C3286A4D3F003EFD2A /* Assets.xcassets in Resources */ = {isa = PBXBuildFile; fileRef = AD2806C2286A4D3F003EFD2A /* Assets.xcassets */; };
		AD2806C6286A4D3F003EFD2A /* LaunchScreen.storyboard in Resources */ = {isa = PBXBuildFile; fileRef = AD2806C4286A4D3F003EFD2A /* LaunchScreen.storyboard */; };
		AD2806C9286A4D3F003EFD2A /* main.m in Sources */ = {isa = PBXBuildFile; fileRef = AD2806C8286A4D3F003EFD2A /* main.m */; };
		AD2806D3286A4D3F003EFD2A /* InstagramTests.m in Sources */ = {isa = PBXBuildFile; fileRef = AD2806D2286A4D3F003EFD2A /* InstagramTests.m */; };
		AD2806DD286A4D3F003EFD2A /* InstagramUITests.m in Sources */ = {isa = PBXBuildFile; fileRef = AD2806DC286A4D3F003EFD2A /* InstagramUITests.m */; };
		AD2806DF286A4D3F003EFD2A /* InstagramUITestsLaunchTests.m in Sources */ = {isa = PBXBuildFile; fileRef = AD2806DE286A4D3F003EFD2A /* InstagramUITestsLaunchTests.m */; };
/* End PBXBuildFile section */

/* Begin PBXContainerItemProxy section */
		AD2806CF286A4D3F003EFD2A /* PBXContainerItemProxy */ = {
			isa = PBXContainerItemProxy;
			containerPortal = AD2806AB286A4D3E003EFD2A /* Project object */;
			proxyType = 1;
			remoteGlobalIDString = AD2806B2286A4D3E003EFD2A;
			remoteInfo = Instagram;
		};
		AD2806D9286A4D3F003EFD2A /* PBXContainerItemProxy */ = {
			isa = PBXContainerItemProxy;
			containerPortal = AD2806AB286A4D3E003EFD2A /* Project object */;
			proxyType = 1;
			remoteGlobalIDString = AD2806B2286A4D3E003EFD2A;
			remoteInfo = Instagram;
		};
/* End PBXContainerItemProxy section */

/* Begin PBXFileReference section */
		0576BC0725B37DED82C95AC7 /* Pods-Instagram.release.xcconfig */ = {isa = PBXFileReference; includeInIndex = 1; lastKnownFileType = text.xcconfig; name = "Pods-Instagram.release.xcconfig"; path = "Target Support Files/Pods-Instagram/Pods-Instagram.release.xcconfig"; sourceTree = "<group>"; };
		0C6DA6B6E0780AEE2AE0D427 /* Pods_Instagram_InstagramUITests.framework */ = {isa = PBXFileReference; explicitFileType = wrapper.framework; includeInIndex = 0; path = Pods_Instagram_InstagramUITests.framework; sourceTree = BUILT_PRODUCTS_DIR; };
		173753690C267BF1ED5721F2 /* Pods_Instagram.framework */ = {isa = PBXFileReference; explicitFileType = wrapper.framework; includeInIndex = 0; path = Pods_Instagram.framework; sourceTree = BUILT_PRODUCTS_DIR; };
		2CBCFCDA2FA84D073D609935 /* Pods-Instagram-InstagramUITests.debug.xcconfig */ = {isa = PBXFileReference; includeInIndex = 1; lastKnownFileType = text.xcconfig; name = "Pods-Instagram-InstagramUITests.debug.xcconfig"; path = "Target Support Files/Pods-Instagram-InstagramUITests/Pods-Instagram-InstagramUITests.debug.xcconfig"; sourceTree = "<group>"; };
		5840A16FF37B9627C26EABA4 /* Pods-InstagramTests.release.xcconfig */ = {isa = PBXFileReference; includeInIndex = 1; lastKnownFileType = text.xcconfig; name = "Pods-InstagramTests.release.xcconfig"; path = "Target Support Files/Pods-InstagramTests/Pods-InstagramTests.release.xcconfig"; sourceTree = "<group>"; };
		6264C4C7BBDDE845F4178FA3 /* Pods_InstagramTests.framework */ = {isa = PBXFileReference; explicitFileType = wrapper.framework; includeInIndex = 0; path = Pods_InstagramTests.framework; sourceTree = BUILT_PRODUCTS_DIR; };
		A1E01FB5EDAED79C4CF6642C /* Pods-InstagramTests.debug.xcconfig */ = {isa = PBXFileReference; includeInIndex = 1; lastKnownFileType = text.xcconfig; name = "Pods-InstagramTests.debug.xcconfig"; path = "Target Support Files/Pods-InstagramTests/Pods-InstagramTests.debug.xcconfig"; sourceTree = "<group>"; };
		AD2806B3286A4D3E003EFD2A /* Instagram.app */ = {isa = PBXFileReference; explicitFileType = wrapper.application; includeInIndex = 0; path = Instagram.app; sourceTree = BUILT_PRODUCTS_DIR; };
		AD2806B6286A4D3E003EFD2A /* AppDelegate.h */ = {isa = PBXFileReference; lastKnownFileType = sourcecode.c.h; path = AppDelegate.h; sourceTree = "<group>"; };
		AD2806B7286A4D3E003EFD2A /* AppDelegate.m */ = {isa = PBXFileReference; lastKnownFileType = sourcecode.c.objc; path = AppDelegate.m; sourceTree = "<group>"; };
		AD2806B9286A4D3E003EFD2A /* SceneDelegate.h */ = {isa = PBXFileReference; lastKnownFileType = sourcecode.c.h; path = SceneDelegate.h; sourceTree = "<group>"; };
		AD2806BA286A4D3E003EFD2A /* SceneDelegate.m */ = {isa = PBXFileReference; lastKnownFileType = sourcecode.c.objc; path = SceneDelegate.m; sourceTree = "<group>"; };
		AD2806BC286A4D3E003EFD2A /* ViewController.h */ = {isa = PBXFileReference; lastKnownFileType = sourcecode.c.h; path = ViewController.h; sourceTree = "<group>"; };
		AD2806BD286A4D3E003EFD2A /* ViewController.m */ = {isa = PBXFileReference; lastKnownFileType = sourcecode.c.objc; path = ViewController.m; sourceTree = "<group>"; };
		AD2806C0286A4D3E003EFD2A /* Base */ = {isa = PBXFileReference; lastKnownFileType = file.storyboard; name = Base; path = Base.lproj/Main.storyboard; sourceTree = "<group>"; };
		AD2806C2286A4D3F003EFD2A /* Assets.xcassets */ = {isa = PBXFileReference; lastKnownFileType = folder.assetcatalog; path = Assets.xcassets; sourceTree = "<group>"; };
		AD2806C5286A4D3F003EFD2A /* Base */ = {isa = PBXFileReference; lastKnownFileType = file.storyboard; name = Base; path = Base.lproj/LaunchScreen.storyboard; sourceTree = "<group>"; };
		AD2806C7286A4D3F003EFD2A /* Info.plist */ = {isa = PBXFileReference; lastKnownFileType = text.plist.xml; path = Info.plist; sourceTree = "<group>"; };
		AD2806C8286A4D3F003EFD2A /* main.m */ = {isa = PBXFileReference; lastKnownFileType = sourcecode.c.objc; path = main.m; sourceTree = "<group>"; };
		AD2806CE286A4D3F003EFD2A /* InstagramTests.xctest */ = {isa = PBXFileReference; explicitFileType = wrapper.cfbundle; includeInIndex = 0; path = InstagramTests.xctest; sourceTree = BUILT_PRODUCTS_DIR; };
		AD2806D2286A4D3F003EFD2A /* InstagramTests.m */ = {isa = PBXFileReference; lastKnownFileType = sourcecode.c.objc; path = InstagramTests.m; sourceTree = "<group>"; };
		AD2806D8286A4D3F003EFD2A /* InstagramUITests.xctest */ = {isa = PBXFileReference; explicitFileType = wrapper.cfbundle; includeInIndex = 0; path = InstagramUITests.xctest; sourceTree = BUILT_PRODUCTS_DIR; };
		AD2806DC286A4D3F003EFD2A /* InstagramUITests.m */ = {isa = PBXFileReference; lastKnownFileType = sourcecode.c.objc; path = InstagramUITests.m; sourceTree = "<group>"; };
		AD2806DE286A4D3F003EFD2A /* InstagramUITestsLaunchTests.m */ = {isa = PBXFileReference; lastKnownFileType = sourcecode.c.objc; path = InstagramUITestsLaunchTests.m; sourceTree = "<group>"; };
		B4DE1032CC4597D96B50B166 /* Pods-Instagram.debug.xcconfig */ = {isa = PBXFileReference; includeInIndex = 1; lastKnownFileType = text.xcconfig; name = "Pods-Instagram.debug.xcconfig"; path = "Target Support Files/Pods-Instagram/Pods-Instagram.debug.xcconfig"; sourceTree = "<group>"; };
		DFD7986D225CC9181917550E /* Pods-Instagram-InstagramUITests.release.xcconfig */ = {isa = PBXFileReference; includeInIndex = 1; lastKnownFileType = text.xcconfig; name = "Pods-Instagram-InstagramUITests.release.xcconfig"; path = "Target Support Files/Pods-Instagram-InstagramUITests/Pods-Instagram-InstagramUITests.release.xcconfig"; sourceTree = "<group>"; };
/* End PBXFileReference section */

/* Begin PBXFrameworksBuildPhase section */
		AD2806B0286A4D3E003EFD2A /* Frameworks */ = {
			isa = PBXFrameworksBuildPhase;
			buildActionMask = 2147483647;
			files = (
				6332A4A6458350793A8FF349 /* Pods_Instagram.framework in Frameworks */,
			);
			runOnlyForDeploymentPostprocessing = 0;
		};
		AD2806CB286A4D3F003EFD2A /* Frameworks */ = {
			isa = PBXFrameworksBuildPhase;
			buildActionMask = 2147483647;
			files = (
				28DB67ABDA8BCFA42E4938DC /* Pods_InstagramTests.framework in Frameworks */,
			);
			runOnlyForDeploymentPostprocessing = 0;
		};
		AD2806D5286A4D3F003EFD2A /* Frameworks */ = {
			isa = PBXFrameworksBuildPhase;
			buildActionMask = 2147483647;
			files = (
				2F9BC73A094E43BCE44F4B14 /* Pods_Instagram_InstagramUITests.framework in Frameworks */,
			);
			runOnlyForDeploymentPostprocessing = 0;
		};
/* End PBXFrameworksBuildPhase section */

/* Begin PBXGroup section */
		85498025D0F4D9349B73CCC7 /* Frameworks */ = {
			isa = PBXGroup;
			children = (
				173753690C267BF1ED5721F2 /* Pods_Instagram.framework */,
				0C6DA6B6E0780AEE2AE0D427 /* Pods_Instagram_InstagramUITests.framework */,
				6264C4C7BBDDE845F4178FA3 /* Pods_InstagramTests.framework */,
			);
			name = Frameworks;
			sourceTree = "<group>";
		};
		AD2806AA286A4D3E003EFD2A = {
			isa = PBXGroup;
			children = (
				AD2806B5286A4D3E003EFD2A /* Instagram */,
				AD2806D1286A4D3F003EFD2A /* InstagramTests */,
				AD2806DB286A4D3F003EFD2A /* InstagramUITests */,
				AD2806B4286A4D3E003EFD2A /* Products */,
				FCD290DD46739B0257D39B9F /* Pods */,
				85498025D0F4D9349B73CCC7 /* Frameworks */,
			);
			sourceTree = "<group>";
		};
		AD2806B4286A4D3E003EFD2A /* Products */ = {
			isa = PBXGroup;
			children = (
				AD2806B3286A4D3E003EFD2A /* Instagram.app */,
				AD2806CE286A4D3F003EFD2A /* InstagramTests.xctest */,
				AD2806D8286A4D3F003EFD2A /* InstagramUITests.xctest */,
			);
			name = Products;
			sourceTree = "<group>";
		};
		AD2806B5286A4D3E003EFD2A /* Instagram */ = {
			isa = PBXGroup;
			children = (
				AD2806B6286A4D3E003EFD2A /* AppDelegate.h */,
				AD2806B7286A4D3E003EFD2A /* AppDelegate.m */,
				AD2806B9286A4D3E003EFD2A /* SceneDelegate.h */,
				AD2806BA286A4D3E003EFD2A /* SceneDelegate.m */,
				AD2806BC286A4D3E003EFD2A /* ViewController.h */,
				AD2806BD286A4D3E003EFD2A /* ViewController.m */,
				AD2806BF286A4D3E003EFD2A /* Main.storyboard */,
				AD2806C2286A4D3F003EFD2A /* Assets.xcassets */,
				AD2806C4286A4D3F003EFD2A /* LaunchScreen.storyboard */,
				AD2806C7286A4D3F003EFD2A /* Info.plist */,
				AD2806C8286A4D3F003EFD2A /* main.m */,
			);
			path = Instagram;
			sourceTree = "<group>";
		};
		AD2806D1286A4D3F003EFD2A /* InstagramTests */ = {
			isa = PBXGroup;
			children = (
				AD2806D2286A4D3F003EFD2A /* InstagramTests.m */,
			);
			path = InstagramTests;
			sourceTree = "<group>";
		};
		AD2806DB286A4D3F003EFD2A /* InstagramUITests */ = {
			isa = PBXGroup;
			children = (
				AD2806DC286A4D3F003EFD2A /* InstagramUITests.m */,
				AD2806DE286A4D3F003EFD2A /* InstagramUITestsLaunchTests.m */,
			);
			path = InstagramUITests;
			sourceTree = "<group>";
		};
		FCD290DD46739B0257D39B9F /* Pods */ = {
			isa = PBXGroup;
			children = (
				B4DE1032CC4597D96B50B166 /* Pods-Instagram.debug.xcconfig */,
				0576BC0725B37DED82C95AC7 /* Pods-Instagram.release.xcconfig */,
				2CBCFCDA2FA84D073D609935 /* Pods-Instagram-InstagramUITests.debug.xcconfig */,
				DFD7986D225CC9181917550E /* Pods-Instagram-InstagramUITests.release.xcconfig */,
				A1E01FB5EDAED79C4CF6642C /* Pods-InstagramTests.debug.xcconfig */,
				5840A16FF37B9627C26EABA4 /* Pods-InstagramTests.release.xcconfig */,
			);
			name = Pods;
			path = Pods;
			sourceTree = "<group>";
		};
/* End PBXGroup section */

/* Begin PBXNativeTarget section */
		AD2806B2286A4D3E003EFD2A /* Instagram */ = {
			isa = PBXNativeTarget;
			buildConfigurationList = AD2806E2286A4D3F003EFD2A /* Build configuration list for PBXNativeTarget "Instagram" */;
			buildPhases = (
				B3E9C0385B0EC37025B8FD2F /* [CP] Check Pods Manifest.lock */,
				AD2806AF286A4D3E003EFD2A /* Sources */,
				AD2806B0286A4D3E003EFD2A /* Frameworks */,
				AD2806B1286A4D3E003EFD2A /* Resources */,
				613C05B39B61F1362716C0F1 /* [CP] Embed Pods Frameworks */,
			);
			buildRules = (
			);
			dependencies = (
			);
			name = Instagram;
			productName = Instagram;
			productReference = AD2806B3286A4D3E003EFD2A /* Instagram.app */;
			productType = "com.apple.product-type.application";
		};
		AD2806CD286A4D3F003EFD2A /* InstagramTests */ = {
			isa = PBXNativeTarget;
			buildConfigurationList = AD2806E5286A4D3F003EFD2A /* Build configuration list for PBXNativeTarget "InstagramTests" */;
			buildPhases = (
				193BA0109FDD36697D44E6C4 /* [CP] Check Pods Manifest.lock */,
				AD2806CA286A4D3F003EFD2A /* Sources */,
				AD2806CB286A4D3F003EFD2A /* Frameworks */,
				AD2806CC286A4D3F003EFD2A /* Resources */,
			);
			buildRules = (
			);
			dependencies = (
				AD2806D0286A4D3F003EFD2A /* PBXTargetDependency */,
			);
			name = InstagramTests;
			productName = InstagramTests;
			productReference = AD2806CE286A4D3F003EFD2A /* InstagramTests.xctest */;
			productType = "com.apple.product-type.bundle.unit-test";
		};
		AD2806D7286A4D3F003EFD2A /* InstagramUITests */ = {
			isa = PBXNativeTarget;
			buildConfigurationList = AD2806E8286A4D3F003EFD2A /* Build configuration list for PBXNativeTarget "InstagramUITests" */;
			buildPhases = (
				C7F4AC374BD0224B9E0952CD /* [CP] Check Pods Manifest.lock */,
				AD2806D4286A4D3F003EFD2A /* Sources */,
				AD2806D5286A4D3F003EFD2A /* Frameworks */,
				AD2806D6286A4D3F003EFD2A /* Resources */,
				48F2AD6D516DA46FEE8A1C7B /* [CP] Embed Pods Frameworks */,
			);
			buildRules = (
			);
			dependencies = (
				AD2806DA286A4D3F003EFD2A /* PBXTargetDependency */,
			);
			name = InstagramUITests;
			productName = InstagramUITests;
			productReference = AD2806D8286A4D3F003EFD2A /* InstagramUITests.xctest */;
			productType = "com.apple.product-type.bundle.ui-testing";
		};
/* End PBXNativeTarget section */

/* Begin PBXProject section */
		AD2806AB286A4D3E003EFD2A /* Project object */ = {
			isa = PBXProject;
			attributes = {
				BuildIndependentTargetsInParallel = 1;
				LastUpgradeCheck = 1340;
				TargetAttributes = {
					AD2806B2286A4D3E003EFD2A = {
						CreatedOnToolsVersion = 13.4.1;
					};
					AD2806CD286A4D3F003EFD2A = {
						CreatedOnToolsVersion = 13.4.1;
						TestTargetID = AD2806B2286A4D3E003EFD2A;
					};
					AD2806D7286A4D3F003EFD2A = {
						CreatedOnToolsVersion = 13.4.1;
						TestTargetID = AD2806B2286A4D3E003EFD2A;
					};
				};
			};
			buildConfigurationList = AD2806AE286A4D3E003EFD2A /* Build configuration list for PBXProject "Instagram" */;
			compatibilityVersion = "Xcode 13.0";
			developmentRegion = en;
			hasScannedForEncodings = 0;
			knownRegions = (
				en,
				Base,
			);
			mainGroup = AD2806AA286A4D3E003EFD2A;
			productRefGroup = AD2806B4286A4D3E003EFD2A /* Products */;
			projectDirPath = "";
			projectRoot = "";
			targets = (
				AD2806B2286A4D3E003EFD2A /* Instagram */,
				AD2806CD286A4D3F003EFD2A /* InstagramTests */,
				AD2806D7286A4D3F003EFD2A /* InstagramUITests */,
			);
		};
/* End PBXProject section */

/* Begin PBXResourcesBuildPhase section */
		AD2806B1286A4D3E003EFD2A /* Resources */ = {
			isa = PBXResourcesBuildPhase;
			buildActionMask = 2147483647;
			files = (
				AD2806C6286A4D3F003EFD2A /* LaunchScreen.storyboard in Resources */,
				AD2806C3286A4D3F003EFD2A /* Assets.xcassets in Resources */,
				AD2806C1286A4D3E003EFD2A /* Main.storyboard in Resources */,
			);
			runOnlyForDeploymentPostprocessing = 0;
		};
		AD2806CC286A4D3F003EFD2A /* Resources */ = {
			isa = PBXResourcesBuildPhase;
			buildActionMask = 2147483647;
			files = (
			);
			runOnlyForDeploymentPostprocessing = 0;
		};
		AD2806D6286A4D3F003EFD2A /* Resources */ = {
			isa = PBXResourcesBuildPhase;
			buildActionMask = 2147483647;
			files = (
			);
			runOnlyForDeploymentPostprocessing = 0;
		};
/* End PBXResourcesBuildPhase section */

/* Begin PBXShellScriptBuildPhase section */
		193BA0109FDD36697D44E6C4 /* [CP] Check Pods Manifest.lock */ = {
			isa = PBXShellScriptBuildPhase;
			buildActionMask = 2147483647;
			files = (
			);
			inputFileListPaths = (
			);
			inputPaths = (
				"${PODS_PODFILE_DIR_PATH}/Podfile.lock",
				"${PODS_ROOT}/Manifest.lock",
			);
			name = "[CP] Check Pods Manifest.lock";
			outputFileListPaths = (
			);
			outputPaths = (
				"$(DERIVED_FILE_DIR)/Pods-InstagramTests-checkManifestLockResult.txt",
			);
			runOnlyForDeploymentPostprocessing = 0;
			shellPath = /bin/sh;
			shellScript = "diff \"${PODS_PODFILE_DIR_PATH}/Podfile.lock\" \"${PODS_ROOT}/Manifest.lock\" > /dev/null\nif [ $? != 0 ] ; then\n    # print error to STDERR\n    echo \"error: The sandbox is not in sync with the Podfile.lock. Run 'pod install' or update your CocoaPods installation.\" >&2\n    exit 1\nfi\n# This output is used by Xcode 'outputs' to avoid re-running this script phase.\necho \"SUCCESS\" > \"${SCRIPT_OUTPUT_FILE_0}\"\n";
			showEnvVarsInLog = 0;
		};
		48F2AD6D516DA46FEE8A1C7B /* [CP] Embed Pods Frameworks */ = {
			isa = PBXShellScriptBuildPhase;
			buildActionMask = 2147483647;
			files = (
			);
			inputFileListPaths = (
				"${PODS_ROOT}/Target Support Files/Pods-Instagram-InstagramUITests/Pods-Instagram-InstagramUITests-frameworks-${CONFIGURATION}-input-files.xcfilelist",
			);
			name = "[CP] Embed Pods Frameworks";
			outputFileListPaths = (
				"${PODS_ROOT}/Target Support Files/Pods-Instagram-InstagramUITests/Pods-Instagram-InstagramUITests-frameworks-${CONFIGURATION}-output-files.xcfilelist",
			);
			runOnlyForDeploymentPostprocessing = 0;
			shellPath = /bin/sh;
			shellScript = "\"${PODS_ROOT}/Target Support Files/Pods-Instagram-InstagramUITests/Pods-Instagram-InstagramUITests-frameworks.sh\"\n";
			showEnvVarsInLog = 0;
		};
		613C05B39B61F1362716C0F1 /* [CP] Embed Pods Frameworks */ = {
			isa = PBXShellScriptBuildPhase;
			buildActionMask = 2147483647;
			files = (
			);
			inputFileListPaths = (
				"${PODS_ROOT}/Target Support Files/Pods-Instagram/Pods-Instagram-frameworks-${CONFIGURATION}-input-files.xcfilelist",
			);
			name = "[CP] Embed Pods Frameworks";
			outputFileListPaths = (
				"${PODS_ROOT}/Target Support Files/Pods-Instagram/Pods-Instagram-frameworks-${CONFIGURATION}-output-files.xcfilelist",
			);
			runOnlyForDeploymentPostprocessing = 0;
			shellPath = /bin/sh;
			shellScript = "\"${PODS_ROOT}/Target Support Files/Pods-Instagram/Pods-Instagram-frameworks.sh\"\n";
			showEnvVarsInLog = 0;
		};
		B3E9C0385B0EC37025B8FD2F /* [CP] Check Pods Manifest.lock */ = {
			isa = PBXShellScriptBuildPhase;
			buildActionMask = 2147483647;
			files = (
			);
			inputFileListPaths = (
			);
			inputPaths = (
				"${PODS_PODFILE_DIR_PATH}/Podfile.lock",
				"${PODS_ROOT}/Manifest.lock",
			);
			name = "[CP] Check Pods Manifest.lock";
			outputFileListPaths = (
			);
			outputPaths = (
				"$(DERIVED_FILE_DIR)/Pods-Instagram-checkManifestLockResult.txt",
			);
			runOnlyForDeploymentPostprocessing = 0;
			shellPath = /bin/sh;
			shellScript = "diff \"${PODS_PODFILE_DIR_PATH}/Podfile.lock\" \"${PODS_ROOT}/Manifest.lock\" > /dev/null\nif [ $? != 0 ] ; then\n    # print error to STDERR\n    echo \"error: The sandbox is not in sync with the Podfile.lock. Run 'pod install' or update your CocoaPods installation.\" >&2\n    exit 1\nfi\n# This output is used by Xcode 'outputs' to avoid re-running this script phase.\necho \"SUCCESS\" > \"${SCRIPT_OUTPUT_FILE_0}\"\n";
			showEnvVarsInLog = 0;
		};
		C7F4AC374BD0224B9E0952CD /* [CP] Check Pods Manifest.lock */ = {
			isa = PBXShellScriptBuildPhase;
			buildActionMask = 2147483647;
			files = (
			);
			inputFileListPaths = (
			);
			inputPaths = (
				"${PODS_PODFILE_DIR_PATH}/Podfile.lock",
				"${PODS_ROOT}/Manifest.lock",
			);
			name = "[CP] Check Pods Manifest.lock";
			outputFileListPaths = (
			);
			outputPaths = (
				"$(DERIVED_FILE_DIR)/Pods-Instagram-InstagramUITests-checkManifestLockResult.txt",
			);
			runOnlyForDeploymentPostprocessing = 0;
			shellPath = /bin/sh;
			shellScript = "diff \"${PODS_PODFILE_DIR_PATH}/Podfile.lock\" \"${PODS_ROOT}/Manifest.lock\" > /dev/null\nif [ $? != 0 ] ; then\n    # print error to STDERR\n    echo \"error: The sandbox is not in sync with the Podfile.lock. Run 'pod install' or update your CocoaPods installation.\" >&2\n    exit 1\nfi\n# This output is used by Xcode 'outputs' to avoid re-running this script phase.\necho \"SUCCESS\" > \"${SCRIPT_OUTPUT_FILE_0}\"\n";
			showEnvVarsInLog = 0;
		};
/* End PBXShellScriptBuildPhase section */

/* Begin PBXSourcesBuildPhase section */
		AD2806AF286A4D3E003EFD2A /* Sources */ = {
			isa = PBXSourcesBuildPhase;
			buildActionMask = 2147483647;
			files = (
				AD2806BE286A4D3E003EFD2A /* ViewController.m in Sources */,
				AD2806B8286A4D3E003EFD2A /* AppDelegate.m in Sources */,
				AD2806C9286A4D3F003EFD2A /* main.m in Sources */,
				AD2806BB286A4D3E003EFD2A /* SceneDelegate.m in Sources */,
			);
			runOnlyForDeploymentPostprocessing = 0;
		};
		AD2806CA286A4D3F003EFD2A /* Sources */ = {
			isa = PBXSourcesBuildPhase;
			buildActionMask = 2147483647;
			files = (
				AD2806D3286A4D3F003EFD2A /* InstagramTests.m in Sources */,
			);
			runOnlyForDeploymentPostprocessing = 0;
		};
		AD2806D4286A4D3F003EFD2A /* Sources */ = {
			isa = PBXSourcesBuildPhase;
			buildActionMask = 2147483647;
			files = (
				AD2806DD286A4D3F003EFD2A /* InstagramUITests.m in Sources */,
				AD2806DF286A4D3F003EFD2A /* InstagramUITestsLaunchTests.m in Sources */,
			);
			runOnlyForDeploymentPostprocessing = 0;
		};
/* End PBXSourcesBuildPhase section */

/* Begin PBXTargetDependency section */
		AD2806D0286A4D3F003EFD2A /* PBXTargetDependency */ = {
			isa = PBXTargetDependency;
			target = AD2806B2286A4D3E003EFD2A /* Instagram */;
			targetProxy = AD2806CF286A4D3F003EFD2A /* PBXContainerItemProxy */;
		};
		AD2806DA286A4D3F003EFD2A /* PBXTargetDependency */ = {
			isa = PBXTargetDependency;
			target = AD2806B2286A4D3E003EFD2A /* Instagram */;
			targetProxy = AD2806D9286A4D3F003EFD2A /* PBXContainerItemProxy */;
		};
/* End PBXTargetDependency section */

/* Begin PBXVariantGroup section */
		AD2806BF286A4D3E003EFD2A /* Main.storyboard */ = {
			isa = PBXVariantGroup;
			children = (
				AD2806C0286A4D3E003EFD2A /* Base */,
			);
			name = Main.storyboard;
			sourceTree = "<group>";
		};
		AD2806C4286A4D3F003EFD2A /* LaunchScreen.storyboard */ = {
			isa = PBXVariantGroup;
			children = (
				AD2806C5286A4D3F003EFD2A /* Base */,
			);
			name = LaunchScreen.storyboard;
			sourceTree = "<group>";
		};
/* End PBXVariantGroup section */

/* Begin XCBuildConfiguration section */
		AD2806E0286A4D3F003EFD2A /* Debug */ = {
			isa = XCBuildConfiguration;
			buildSettings = {
				ALWAYS_SEARCH_USER_PATHS = NO;
				CLANG_ANALYZER_NONNULL = YES;
				CLANG_ANALYZER_NUMBER_OBJECT_CONVERSION = YES_AGGRESSIVE;
				CLANG_CXX_LANGUAGE_STANDARD = "gnu++17";
				CLANG_ENABLE_MODULES = YES;
				CLANG_ENABLE_OBJC_ARC = YES;
				CLANG_ENABLE_OBJC_WEAK = YES;
				CLANG_WARN_BLOCK_CAPTURE_AUTORELEASING = YES;
				CLANG_WARN_BOOL_CONVERSION = YES;
				CLANG_WARN_COMMA = YES;
				CLANG_WARN_CONSTANT_CONVERSION = YES;
				CLANG_WARN_DEPRECATED_OBJC_IMPLEMENTATIONS = YES;
				CLANG_WARN_DIRECT_OBJC_ISA_USAGE = YES_ERROR;
				CLANG_WARN_DOCUMENTATION_COMMENTS = YES;
				CLANG_WARN_EMPTY_BODY = YES;
				CLANG_WARN_ENUM_CONVERSION = YES;
				CLANG_WARN_INFINITE_RECURSION = YES;
				CLANG_WARN_INT_CONVERSION = YES;
				CLANG_WARN_NON_LITERAL_NULL_CONVERSION = YES;
				CLANG_WARN_OBJC_IMPLICIT_RETAIN_SELF = YES;
				CLANG_WARN_OBJC_LITERAL_CONVERSION = YES;
				CLANG_WARN_OBJC_ROOT_CLASS = YES_ERROR;
				CLANG_WARN_QUOTED_INCLUDE_IN_FRAMEWORK_HEADER = YES;
				CLANG_WARN_RANGE_LOOP_ANALYSIS = YES;
				CLANG_WARN_STRICT_PROTOTYPES = YES;
				CLANG_WARN_SUSPICIOUS_MOVE = YES;
				CLANG_WARN_UNGUARDED_AVAILABILITY = YES_AGGRESSIVE;
				CLANG_WARN_UNREACHABLE_CODE = YES;
				CLANG_WARN__DUPLICATE_METHOD_MATCH = YES;
				COPY_PHASE_STRIP = NO;
				DEBUG_INFORMATION_FORMAT = dwarf;
				ENABLE_STRICT_OBJC_MSGSEND = YES;
				ENABLE_TESTABILITY = YES;
				GCC_C_LANGUAGE_STANDARD = gnu11;
				GCC_DYNAMIC_NO_PIC = NO;
				GCC_NO_COMMON_BLOCKS = YES;
				GCC_OPTIMIZATION_LEVEL = 0;
				GCC_PREPROCESSOR_DEFINITIONS = (
					"DEBUG=1",
					"$(inherited)",
				);
				GCC_WARN_64_TO_32_BIT_CONVERSION = YES;
				GCC_WARN_ABOUT_RETURN_TYPE = YES_ERROR;
				GCC_WARN_UNDECLARED_SELECTOR = YES;
				GCC_WARN_UNINITIALIZED_AUTOS = YES_AGGRESSIVE;
				GCC_WARN_UNUSED_FUNCTION = YES;
				GCC_WARN_UNUSED_VARIABLE = YES;
				IPHONEOS_DEPLOYMENT_TARGET = 15.5;
				MTL_ENABLE_DEBUG_INFO = INCLUDE_SOURCE;
				MTL_FAST_MATH = YES;
				ONLY_ACTIVE_ARCH = YES;
				SDKROOT = iphoneos;
			};
			name = Debug;
		};
		AD2806E1286A4D3F003EFD2A /* Release */ = {
			isa = XCBuildConfiguration;
			buildSettings = {
				ALWAYS_SEARCH_USER_PATHS = NO;
				CLANG_ANALYZER_NONNULL = YES;
				CLANG_ANALYZER_NUMBER_OBJECT_CONVERSION = YES_AGGRESSIVE;
				CLANG_CXX_LANGUAGE_STANDARD = "gnu++17";
				CLANG_ENABLE_MODULES = YES;
				CLANG_ENABLE_OBJC_ARC = YES;
				CLANG_ENABLE_OBJC_WEAK = YES;
				CLANG_WARN_BLOCK_CAPTURE_AUTORELEASING = YES;
				CLANG_WARN_BOOL_CONVERSION = YES;
				CLANG_WARN_COMMA = YES;
				CLANG_WARN_CONSTANT_CONVERSION = YES;
				CLANG_WARN_DEPRECATED_OBJC_IMPLEMENTATIONS = YES;
				CLANG_WARN_DIRECT_OBJC_ISA_USAGE = YES_ERROR;
				CLANG_WARN_DOCUMENTATION_COMMENTS = YES;
				CLANG_WARN_EMPTY_BODY = YES;
				CLANG_WARN_ENUM_CONVERSION = YES;
				CLANG_WARN_INFINITE_RECURSION = YES;
				CLANG_WARN_INT_CONVERSION = YES;
				CLANG_WARN_NON_LITERAL_NULL_CONVERSION = YES;
				CLANG_WARN_OBJC_IMPLICIT_RETAIN_SELF = YES;
				CLANG_WARN_OBJC_LITERAL_CONVERSION = YES;
				CLANG_WARN_OBJC_ROOT_CLASS = YES_ERROR;
				CLANG_WARN_QUOTED_INCLUDE_IN_FRAMEWORK_HEADER = YES;
				CLANG_WARN_RANGE_LOOP_ANALYSIS = YES;
				CLANG_WARN_STRICT_PROTOTYPES = YES;
				CLANG_WARN_SUSPICIOUS_MOVE = YES;
				CLANG_WARN_UNGUARDED_AVAILABILITY = YES_AGGRESSIVE;
				CLANG_WARN_UNREACHABLE_CODE = YES;
				CLANG_WARN__DUPLICATE_METHOD_MATCH = YES;
				COPY_PHASE_STRIP = NO;
				DEBUG_INFORMATION_FORMAT = "dwarf-with-dsym";
				ENABLE_NS_ASSERTIONS = NO;
				ENABLE_STRICT_OBJC_MSGSEND = YES;
				GCC_C_LANGUAGE_STANDARD = gnu11;
				GCC_NO_COMMON_BLOCKS = YES;
				GCC_WARN_64_TO_32_BIT_CONVERSION = YES;
				GCC_WARN_ABOUT_RETURN_TYPE = YES_ERROR;
				GCC_WARN_UNDECLARED_SELECTOR = YES;
				GCC_WARN_UNINITIALIZED_AUTOS = YES_AGGRESSIVE;
				GCC_WARN_UNUSED_FUNCTION = YES;
				GCC_WARN_UNUSED_VARIABLE = YES;
				IPHONEOS_DEPLOYMENT_TARGET = 15.5;
				MTL_ENABLE_DEBUG_INFO = NO;
				MTL_FAST_MATH = YES;
				SDKROOT = iphoneos;
				VALIDATE_PRODUCT = YES;
			};
			name = Release;
		};
		AD2806E3286A4D3F003EFD2A /* Debug */ = {
			isa = XCBuildConfiguration;
			baseConfigurationReference = B4DE1032CC4597D96B50B166 /* Pods-Instagram.debug.xcconfig */;
			buildSettings = {
				ASSETCATALOG_COMPILER_APPICON_NAME = AppIcon;
				ASSETCATALOG_COMPILER_GLOBAL_ACCENT_COLOR_NAME = AccentColor;
				CODE_SIGN_STYLE = Automatic;
				CURRENT_PROJECT_VERSION = 1;
				GENERATE_INFOPLIST_FILE = YES;
				INFOPLIST_FILE = Instagram/Info.plist;
				INFOPLIST_KEY_UIApplicationSupportsIndirectInputEvents = YES;
				INFOPLIST_KEY_UILaunchStoryboardName = LaunchScreen;
				INFOPLIST_KEY_UIMainStoryboardFile = Main;
				INFOPLIST_KEY_UISupportedInterfaceOrientations_iPad = "UIInterfaceOrientationPortrait UIInterfaceOrientationPortraitUpsideDown UIInterfaceOrientationLandscapeLeft UIInterfaceOrientationLandscapeRight";
				INFOPLIST_KEY_UISupportedInterfaceOrientations_iPhone = "UIInterfaceOrientationPortrait UIInterfaceOrientationLandscapeLeft UIInterfaceOrientationLandscapeRight";
				LD_RUNPATH_SEARCH_PATHS = (
					"$(inherited)",
					"@executable_path/Frameworks",
				);
				MARKETING_VERSION = 1.0;
				PRODUCT_BUNDLE_IDENTIFIER = com.isaacvarela.Instagram;
				PRODUCT_NAME = "$(TARGET_NAME)";
				SWIFT_EMIT_LOC_STRINGS = YES;
				TARGETED_DEVICE_FAMILY = "1,2";
			};
			name = Debug;
		};
		AD2806E4286A4D3F003EFD2A /* Release */ = {
			isa = XCBuildConfiguration;
			baseConfigurationReference = 0576BC0725B37DED82C95AC7 /* Pods-Instagram.release.xcconfig */;
			buildSettings = {
				ASSETCATALOG_COMPILER_APPICON_NAME = AppIcon;
				ASSETCATALOG_COMPILER_GLOBAL_ACCENT_COLOR_NAME = AccentColor;
				CODE_SIGN_STYLE = Automatic;
				CURRENT_PROJECT_VERSION = 1;
				GENERATE_INFOPLIST_FILE = YES;
				INFOPLIST_FILE = Instagram/Info.plist;
				INFOPLIST_KEY_UIApplicationSupportsIndirectInputEvents = YES;
				INFOPLIST_KEY_UILaunchStoryboardName = LaunchScreen;
				INFOPLIST_KEY_UIMainStoryboardFile = Main;
				INFOPLIST_KEY_UISupportedInterfaceOrientations_iPad = "UIInterfaceOrientationPortrait UIInterfaceOrientationPortraitUpsideDown UIInterfaceOrientationLandscapeLeft UIInterfaceOrientationLandscapeRight";
				INFOPLIST_KEY_UISupportedInterfaceOrientations_iPhone = "UIInterfaceOrientationPortrait UIInterfaceOrientationLandscapeLeft UIInterfaceOrientationLandscapeRight";
				LD_RUNPATH_SEARCH_PATHS = (
					"$(inherited)",
					"@executable_path/Frameworks",
				);
				MARKETING_VERSION = 1.0;
				PRODUCT_BUNDLE_IDENTIFIER = com.isaacvarela.Instagram;
				PRODUCT_NAME = "$(TARGET_NAME)";
				SWIFT_EMIT_LOC_STRINGS = YES;
				TARGETED_DEVICE_FAMILY = "1,2";
			};
			name = Release;
		};
		AD2806E6286A4D3F003EFD2A /* Debug */ = {
			isa = XCBuildConfiguration;
			baseConfigurationReference = A1E01FB5EDAED79C4CF6642C /* Pods-InstagramTests.debug.xcconfig */;
			buildSettings = {
				BUNDLE_LOADER = "$(TEST_HOST)";
				CODE_SIGN_STYLE = Automatic;
				CURRENT_PROJECT_VERSION = 1;
				GENERATE_INFOPLIST_FILE = YES;
				IPHONEOS_DEPLOYMENT_TARGET = 15.5;
				MARKETING_VERSION = 1.0;
				PRODUCT_BUNDLE_IDENTIFIER = com.isaacvarela.InstagramTests;
				PRODUCT_NAME = "$(TARGET_NAME)";
				SWIFT_EMIT_LOC_STRINGS = NO;
				TARGETED_DEVICE_FAMILY = "1,2";
				TEST_HOST = "$(BUILT_PRODUCTS_DIR)/Instagram.app/Instagram";
			};
			name = Debug;
		};
		AD2806E7286A4D3F003EFD2A /* Release */ = {
			isa = XCBuildConfiguration;
			baseConfigurationReference = 5840A16FF37B9627C26EABA4 /* Pods-InstagramTests.release.xcconfig */;
			buildSettings = {
				BUNDLE_LOADER = "$(TEST_HOST)";
				CODE_SIGN_STYLE = Automatic;
				CURRENT_PROJECT_VERSION = 1;
				GENERATE_INFOPLIST_FILE = YES;
				IPHONEOS_DEPLOYMENT_TARGET = 15.5;
				MARKETING_VERSION = 1.0;
				PRODUCT_BUNDLE_IDENTIFIER = com.isaacvarela.InstagramTests;
				PRODUCT_NAME = "$(TARGET_NAME)";
				SWIFT_EMIT_LOC_STRINGS = NO;
				TARGETED_DEVICE_FAMILY = "1,2";
				TEST_HOST = "$(BUILT_PRODUCTS_DIR)/Instagram.app/Instagram";
			};
			name = Release;
		};
		AD2806E9286A4D3F003EFD2A /* Debug */ = {
			isa = XCBuildConfiguration;
			baseConfigurationReference = 2CBCFCDA2FA84D073D609935 /* Pods-Instagram-InstagramUITests.debug.xcconfig */;
			buildSettings = {
				CODE_SIGN_STYLE = Automatic;
				CURRENT_PROJECT_VERSION = 1;
				GENERATE_INFOPLIST_FILE = YES;
				MARKETING_VERSION = 1.0;
				PRODUCT_BUNDLE_IDENTIFIER = com.isaacvarela.InstagramUITests;
				PRODUCT_NAME = "$(TARGET_NAME)";
				SWIFT_EMIT_LOC_STRINGS = NO;
				TARGETED_DEVICE_FAMILY = "1,2";
				TEST_TARGET_NAME = Instagram;
			};
			name = Debug;
		};
		AD2806EA286A4D3F003EFD2A /* Release */ = {
			isa = XCBuildConfiguration;
			baseConfigurationReference = DFD7986D225CC9181917550E /* Pods-Instagram-InstagramUITests.release.xcconfig */;
			buildSettings = {
				CODE_SIGN_STYLE = Automatic;
				CURRENT_PROJECT_VERSION = 1;
				GENERATE_INFOPLIST_FILE = YES;
				MARKETING_VERSION = 1.0;
				PRODUCT_BUNDLE_IDENTIFIER = com.isaacvarela.InstagramUITests;
				PRODUCT_NAME = "$(TARGET_NAME)";
				SWIFT_EMIT_LOC_STRINGS = NO;
				TARGETED_DEVICE_FAMILY = "1,2";
				TEST_TARGET_NAME = Instagram;
			};
			name = Release;
		};
/* End XCBuildConfiguration section */

/* Begin XCConfigurationList section */
		AD2806AE286A4D3E003EFD2A /* Build configuration list for PBXProject "Instagram" */ = {
			isa = XCConfigurationList;
			buildConfigurations = (
				AD2806E0286A4D3F003EFD2A /* Debug */,
				AD2806E1286A4D3F003EFD2A /* Release */,
			);
			defaultConfigurationIsVisible = 0;
			defaultConfigurationName = Release;
		};
		AD2806E2286A4D3F003EFD2A /* Build configuration list for PBXNativeTarget "Instagram" */ = {
			isa = XCConfigurationList;
			buildConfigurations = (
				AD2806E3286A4D3F003EFD2A /* Debug */,
				AD2806E4286A4D3F003EFD2A /* Release */,
			);
			defaultConfigurationIsVisible = 0;
			defaultConfigurationName = Release;
		};
		AD2806E5286A4D3F003EFD2A /* Build configuration list for PBXNativeTarget "InstagramTests" */ = {
			isa = XCConfigurationList;
			buildConfigurations = (
				AD2806E6286A4D3F003EFD2A /* Debug */,
				AD2806E7286A4D3F003EFD2A /* Release */,
			);
			defaultConfigurationIsVisible = 0;
			defaultConfigurationName = Release;
		};
		AD2806E8286A4D3F003EFD2A /* Build configuration list for PBXNativeTarget "InstagramUITests" */ = {
			isa = XCConfigurationList;
			buildConfigurations = (
				AD2806E9286A4D3F003EFD2A /* Debug */,
				AD2806EA286A4D3F003EFD2A /* Release */,
			);
			defaultConfigurationIsVisible = 0;
			defaultConfigurationName = Release;
		};
/* End XCConfigurationList section */
	};
	rootObject = AD2806AB286A4D3E003EFD2A /* Project object */;
}
